
Microsoft Visual Studio Solution File, Format Version 12.00
# Visual Studio Version 16
VisualStudioVersion = 16.0.31112.23
MinimumVisualStudioVersion = 10.0.40219.1
Project("{9A19103F-16F7-4668-BE54-9A1E7A4F7556}") = "Intel8086", "Intel8086\Intel8086.csproj", "{F1046122-1E15-4A07-9D1A-C536ADFB7CC9}"
EndProject
Project("{9A19103F-16F7-4668-BE54-9A1E7A4F7556}") = "etakRabat", "etakRabat\etakRabat.csproj", "{5EA72888-8DA0-47D0-9221-A45A5EE515E9}"
EndProject
Global
	GlobalSection(SolutionConfigurationPlatforms) = preSolution
		Debug|Any CPU = Debug|Any CPU
		Release|Any CPU = Release|Any CPU
	EndGlobalSection
	GlobalSection(ProjectConfigurationPlatforms) = postSolution
		{F1046122-1E15-4A07-9D1A-C536ADFB7CC9}.Debug|Any CPU.ActiveCfg = Debug|Any CPU
		{F1046122-1E15-4A07-9D1A-C536ADFB7CC9}.Debug|Any CPU.Build.0 = Debug|Any CPU
		{F1046122-1E15-4A07-9D1A-C536ADFB7CC9}.Release|Any CPU.ActiveCfg = Release|Any CPU
		{F1046122-1E15-4A07-9D1A-C536ADFB7CC9}.Release|Any CPU.Build.0 = Release|Any CPU
		{5EA72888-8DA0-47D0-9221-A45A5EE515E9}.Debug|Any CPU.ActiveCfg = Debug|Any CPU
		{5EA72888-8DA0-47D0-9221-A45A5EE515E9}.Debug|Any CPU.Build.0 = Debug|Any CPU
		{5EA72888-8DA0-47D0-9221-A45A5EE515E9}.Release|Any CPU.ActiveCfg = Release|Any CPU
		{5EA72888-8DA0-47D0-9221-A45A5EE515E9}.Release|Any CPU.Build.0 = Release|Any CPU
	EndGlobalSection
	GlobalSection(SolutionProperties) = preSolution
		HideSolutionNode = FALSE
	EndGlobalSection
	GlobalSection(ExtensibilityGlobals) = postSolution
		SolutionGuid = {AA0FE432-3EB7-47DC-B2AE-8E8EE6127E3E}
	EndGlobalSection
EndGlobal
